
Microsoft Visual Studio Solution File, Format Version 12.00
# Visual Studio Version 16
VisualStudioVersion = 16.0.29509.3
MinimumVisualStudioVersion = 10.0.40219.1
Project("{9A19103F-16F7-4668-BE54-9A1E7A4F7556}") = "c--tranning-helloword", "c--tranning-helloword\c--tranning-helloword.csproj", "{1885F287-284B-424D-83CE-68BE89666E11}"
EndProject
Project("{9A19103F-16F7-4668-BE54-9A1E7A4F7556}") = "C--Training", "C--Training\C--Training.csproj", "{222A70B4-6395-4455-9AFD-C24575A6CCAE}"
EndProject
Global
	GlobalSection(SolutionConfigurationPlatforms) = preSolution
		Debug|Any CPU = Debug|Any CPU
		Release|Any CPU = Release|Any CPU
	EndGlobalSection
	GlobalSection(ProjectConfigurationPlatforms) = postSolution
		{1885F287-284B-424D-83CE-68BE89666E11}.Debug|Any CPU.ActiveCfg = Debug|Any CPU
		{1885F287-284B-424D-83CE-68BE89666E11}.Debug|Any CPU.Build.0 = Debug|Any CPU
		{1885F287-284B-424D-83CE-68BE89666E11}.Release|Any CPU.ActiveCfg = Release|Any CPU
		{1885F287-284B-424D-83CE-68BE89666E11}.Release|Any CPU.Build.0 = Release|Any CPU
		{222A70B4-6395-4455-9AFD-C24575A6CCAE}.Debug|Any CPU.ActiveCfg = Debug|Any CPU
		{222A70B4-6395-4455-9AFD-C24575A6CCAE}.Debug|Any CPU.Build.0 = Debug|Any CPU
		{222A70B4-6395-4455-9AFD-C24575A6CCAE}.Release|Any CPU.ActiveCfg = Release|Any CPU
		{222A70B4-6395-4455-9AFD-C24575A6CCAE}.Release|Any CPU.Build.0 = Release|Any CPU
	EndGlobalSection
	GlobalSection(SolutionProperties) = preSolution
		HideSolutionNode = FALSE
	EndGlobalSection
	GlobalSection(ExtensibilityGlobals) = postSolution
		SolutionGuid = {77663CF9-D21C-4399-AF60-385A6CF233CC}
	EndGlobalSection
EndGlobal
